
Microsoft Visual Studio Solution File, Format Version 12.00
# Visual Studio Version 17
VisualStudioVersion = 17.3.32929.385
MinimumVisualStudioVersion = 10.0.40219.1
Project("{FAE04EC0-301F-11D3-BF4B-00C04F79EFBC}") = "BackEnd-ejemplo1", "BackEnd-ejemplo1\BackEnd-ejemplo1.csproj", "{70F951C4-2555-4A0B-8A6E-18B7AB1D8B83}"
EndProject
Global
	GlobalSection(SolutionConfigurationPlatforms) = preSolution
		Debug|Any CPU = Debug|Any CPU
		Release|Any CPU = Release|Any CPU
	EndGlobalSection
	GlobalSection(ProjectConfigurationPlatforms) = postSolution
		{70F951C4-2555-4A0B-8A6E-18B7AB1D8B83}.Debug|Any CPU.ActiveCfg = Debug|Any CPU
		{70F951C4-2555-4A0B-8A6E-18B7AB1D8B83}.Debug|Any CPU.Build.0 = Debug|Any CPU
		{70F951C4-2555-4A0B-8A6E-18B7AB1D8B83}.Release|Any CPU.ActiveCfg = Release|Any CPU
		{70F951C4-2555-4A0B-8A6E-18B7AB1D8B83}.Release|Any CPU.Build.0 = Release|Any CPU
	EndGlobalSection
	GlobalSection(SolutionProperties) = preSolution
		HideSolutionNode = FALSE
	EndGlobalSection
	GlobalSection(ExtensibilityGlobals) = postSolution
		SolutionGuid = {2F42BAA5-A016-4DEB-AF4E-7C107C8057F9}
	EndGlobalSection
EndGlobal
